// !$*UTF8*$!
{
	archiveVersion = 1;
	classes = {
	};
	objectVersion = 46;
	objects = {

/* Begin PBXBuildFile section */
		2ADBBB301C958AAE007EB129 /* main.m in Sources */ = {isa = PBXBuildFile; fileRef = 2ADBBB2F1C958AAE007EB129 /* main.m */; };
		2ADBBB331C958AAE007EB129 /* AppDelegate.m in Sources */ = {isa = PBXBuildFile; fileRef = 2ADBBB321C958AAE007EB129 /* AppDelegate.m */; };
		2ADBBB361C958AAE007EB129 /* ViewController.m in Sources */ = {isa = PBXBuildFile; fileRef = 2ADBBB351C958AAE007EB129 /* ViewController.m */; };
		2ADBBB391C958AAE007EB129 /* Main.storyboard in Resources */ = {isa = PBXBuildFile; fileRef = 2ADBBB371C958AAE007EB129 /* Main.storyboard */; };
		2ADBBB3B1C958AAE007EB129 /* Assets.xcassets in Resources */ = {isa = PBXBuildFile; fileRef = 2ADBBB3A1C958AAE007EB129 /* Assets.xcassets */; };
		2ADBBB3E1C958AAE007EB129 /* LaunchScreen.storyboard in Resources */ = {isa = PBXBuildFile; fileRef = 2ADBBB3C1C958AAE007EB129 /* LaunchScreen.storyboard */; };
/* End PBXBuildFile section */

/* Begin PBXFileReference section */
		2ADBBB2B1C958AAE007EB129 /* KNFTestMail.app */ = {isa = PBXFileReference; explicitFileType = wrapper.application; includeInIndex = 0; path = KNFTestMail.app; sourceTree = BUILT_PRODUCTS_DIR; };
		2ADBBB2F1C958AAE007EB129 /* main.m */ = {isa = PBXFileReference; lastKnownFileType = sourcecode.c.objc; path = main.m; sourceTree = "<group>"; };
		2ADBBB311C958AAE007EB129 /* AppDelegate.h */ = {isa = PBXFileReference; lastKnownFileType = sourcecode.c.h; path = AppDelegate.h; sourceTree = "<group>"; };
		2ADBBB321C958AAE007EB129 /* AppDelegate.m */ = {isa = PBXFileReference; lastKnownFileType = sourcecode.c.objc; path = AppDelegate.m; sourceTree = "<group>"; };
		2ADBBB341C958AAE007EB129 /* ViewController.h */ = {isa = PBXFileReference; lastKnownFileType = sourcecode.c.h; path = ViewController.h; sourceTree = "<group>"; };
		2ADBBB351C958AAE007EB129 /* ViewController.m */ = {isa = PBXFileReference; lastKnownFileType = sourcecode.c.objc; path = ViewController.m; sourceTree = "<group>"; };
		2ADBBB381C958AAE007EB129 /* Base */ = {isa = PBXFileReference; lastKnownFileType = file.storyboard; name = Base; path = Base.lproj/Main.storyboard; sourceTree = "<group>"; };
		2ADBBB3A1C958AAE007EB129 /* Assets.xcassets */ = {isa = PBXFileReference; lastKnownFileType = folder.assetcatalog; path = Assets.xcassets; sourceTree = "<group>"; };
		2ADBBB3D1C958AAE007EB129 /* Base */ = {isa = PBXFileReference; lastKnownFileType = file.storyboard; name = Base; path = Base.lproj/LaunchScreen.storyboard; sourceTree = "<group>"; };
		2ADBBB3F1C958AAE007EB129 /* Info.plist */ = {isa = PBXFileReference; lastKnownFileType = text.plist.xml; path = Info.plist; sourceTree = "<group>"; };
/* End PBXFileReference section */

/* Begin PBXFrameworksBuildPhase section */
		2ADBBB281C958AAE007EB129 /* Frameworks */ = {
			isa = PBXFrameworksBuildPhase;
			buildActionMask = 2147483647;
			files = (
			);
			runOnlyForDeploymentPostprocessing = 0;
		};
/* End PBXFrameworksBuildPhase section */

/* Begin PBXGroup section */
		2ADBBB221C958AAE007EB129 = {
			isa = PBXGroup;
			children = (
				2ADBBB2D1C958AAE007EB129 /* KNFTestMail */,
				2ADBBB2C1C958AAE007EB129 /* Products */,
			);
			sourceTree = "<group>";
		};
		2ADBBB2C1C958AAE007EB129 /* Products */ = {
			isa = PBXGroup;
			children = (
				2ADBBB2B1C958AAE007EB129 /* KNFTestMail.app */,
			);
			name = Products;
			sourceTree = "<group>";
		};
		2ADBBB2D1C958AAE007EB129 /* KNFTestMail */ = {
			isa = PBXGroup;
			children = (
				2ADBBB311C958AAE007EB129 /* AppDelegate.h */,
				2ADBBB321C958AAE007EB129 /* AppDelegate.m */,
				2ADBBB341C958AAE007EB129 /* ViewController.h */,
				2ADBBB351C958AAE007EB129 /* ViewController.m */,
				2ADBBB371C958AAE007EB129 /* Main.storyboard */,
				2ADBBB3A1C958AAE007EB129 /* Assets.xcassets */,
				2ADBBB3C1C958AAE007EB129 /* LaunchScreen.storyboard */,
				2ADBBB3F1C958AAE007EB129 /* Info.plist */,
				2ADBBB2E1C958AAE007EB129 /* Supporting Files */,
			);
			path = KNFTestMail;
			sourceTree = "<group>";
		};
		2ADBBB2E1C958AAE007EB129 /* Supporting Files */ = {
			isa = PBXGroup;
			children = (
				2ADBBB2F1C958AAE007EB129 /* main.m */,
			);
			name = "Supporting Files";
			sourceTree = "<group>";
		};
/* End PBXGroup section */

/* Begin PBXNativeTarget section */
		2ADBBB2A1C958AAE007EB129 /* KNFTestMail */ = {
			isa = PBXNativeTarget;
			buildConfigurationList = 2ADBBB421C958AAE007EB129 /* Build configuration list for PBXNativeTarget "KNFTestMail" */;
			buildPhases = (
				2ADBBB271C958AAE007EB129 /* Sources */,
				2ADBBB281C958AAE007EB129 /* Frameworks */,
				2ADBBB291C958AAE007EB129 /* Resources */,
			);
			buildRules = (
			);
			dependencies = (
			);
			name = KNFTestMail;
			productName = KNFTestMail;
			productReference = 2ADBBB2B1C958AAE007EB129 /* KNFTestMail.app */;
			productType = "com.apple.product-type.application";
		};
/* End PBXNativeTarget section */

/* Begin PBXProject section */
		2ADBBB231C958AAE007EB129 /* Project object */ = {
			isa = PBXProject;
			attributes = {
				LastUpgradeCheck = 0720;
				ORGANIZATIONNAME = knife;
				TargetAttributes = {
					2ADBBB2A1C958AAE007EB129 = {
						CreatedOnToolsVersion = 7.2;
						DevelopmentTeam = FZHBZC9JF9;
					};
				};
			};
			buildConfigurationList = 2ADBBB261C958AAE007EB129 /* Build configuration list for PBXProject "KNFTestMail" */;
			compatibilityVersion = "Xcode 3.2";
			developmentRegion = English;
			hasScannedForEncodings = 0;
			knownRegions = (
				en,
				Base,
			);
			mainGroup = 2ADBBB221C958AAE007EB129;
			productRefGroup = 2ADBBB2C1C958AAE007EB129 /* Products */;
			projectDirPath = "";
			projectRoot = "";
			targets = (
				2ADBBB2A1C958AAE007EB129 /* KNFTestMail */,
			);
		};
/* End PBXProject section */

/* Begin PBXResourcesBuildPhase section */
		2ADBBB291C958AAE007EB129 /* Resources */ = {
			isa = PBXResourcesBuildPhase;
			buildActionMask = 2147483647;
			files = (
				2ADBBB3E1C958AAE007EB129 /* LaunchScreen.storyboard in Resources */,
				2ADBBB3B1C958AAE007EB129 /* Assets.xcassets in Resources */,
				2ADBBB391C958AAE007EB129 /* Main.storyboard in Resources */,
			);
			runOnlyForDeploymentPostprocessing = 0;
		};
/* End PBXResourcesBuildPhase section */

/* Begin PBXSourcesBuildPhase section */
		2ADBBB271C958AAE007EB129 /* Sources */ = {
			isa = PBXSourcesBuildPhase;
			buildActionMask = 2147483647;
			files = (
				2ADBBB361C958AAE007EB129 /* ViewController.m in Sources */,
				2ADBBB331C958AAE007EB129 /* AppDelegate.m in Sources */,
				2ADBBB301C958AAE007EB129 /* main.m in Sources */,
			);
			runOnlyForDeploymentPostprocessing = 0;
		};
/* End PBXSourcesBuildPhase section */

/* Begin PBXVariantGroup section */
		2ADBBB371C958AAE007EB129 /* Main.storyboard */ = {
			isa = PBXVariantGroup;
			children = (
				2ADBBB381C958AAE007EB129 /* Base */,
			);
			name = Main.storyboard;
			sourceTree = "<group>";
		};
		2ADBBB3C1C958AAE007EB129 /* LaunchScreen.storyboard */ = {
			isa = PBXVariantGroup;
			children = (
				2ADBBB3D1C958AAE007EB129 /* Base */,
			);
			name = LaunchScreen.storyboard;
			sourceTree = "<group>";
		};
/* End PBXVariantGroup section */

/* Begin XCBuildConfiguration section */
		2ADBBB401C958AAE007EB129 /* Debug */ = {
			isa = XCBuildConfiguration;
			buildSettings = {
				ALWAYS_SEARCH_USER_PATHS = NO;
				CLANG_CXX_LANGUAGE_STANDARD = "gnu++0x";
				CLANG_CXX_LIBRARY = "libc++";
				CLANG_ENABLE_MODULES = YES;
				CLANG_ENABLE_OBJC_ARC = YES;
				CLANG_WARN_BOOL_CONVERSION = YES;
				CLANG_WARN_CONSTANT_CONVERSION = YES;
				CLANG_WARN_DIRECT_OBJC_ISA_USAGE = YES_ERROR;
				CLANG_WARN_EMPTY_BODY = YES;
				CLANG_WARN_ENUM_CONVERSION = YES;
				CLANG_WARN_INT_CONVERSION = YES;
				CLANG_WARN_OBJC_ROOT_CLASS = YES_ERROR;
				CLANG_WARN_UNREACHABLE_CODE = YES;
				CLANG_WARN__DUPLICATE_METHOD_MATCH = YES;
				"CODE_SIGN_IDENTITY[sdk=iphoneos*]" = "iPhone Developer";
				COPY_PHASE_STRIP = NO;
				DEBUG_INFORMATION_FORMAT = dwarf;
				ENABLE_STRICT_OBJC_MSGSEND = YES;
				ENABLE_TESTABILITY = YES;
				GCC_C_LANGUAGE_STANDARD = gnu99;
				GCC_DYNAMIC_NO_PIC = NO;
				GCC_NO_COMMON_BLOCKS = YES;
				GCC_OPTIMIZATION_LEVEL = 0;
				GCC_PREPROCESSOR_DEFINITIONS = (
					"DEBUG=1",
					"$(inherited)",
				);
				GCC_WARN_64_TO_32_BIT_CONVERSION = YES;
				GCC_WARN_ABOUT_RETURN_TYPE = YES_ERROR;
				GCC_WARN_UNDECLARED_SELECTOR = YES;
				GCC_WARN_UNINITIALIZED_AUTOS = YES_AGGRESSIVE;
				GCC_WARN_UNUSED_FUNCTION = YES;
				GCC_WARN_UNUSED_VARIABLE = YES;
				IPHONEOS_DEPLOYMENT_TARGET = 9.2;
				MTL_ENABLE_DEBUG_INFO = YES;
				ONLY_ACTIVE_ARCH = YES;
				SDKROOT = iphoneos;
				TARGETED_DEVICE_FAMILY = "1,2";
			};
			name = Debug;
		};
		2ADBBB411C958AAE007EB129 /* Release */ = {
			isa = XCBuildConfiguration;
			buildSettings = {
				ALWAYS_SEARCH_USER_PATHS = NO;
				CLANG_CXX_LANGUAGE_STANDARD = "gnu++0x";
				CLANG_CXX_LIBRARY = "libc++";
				CLANG_ENABLE_MODULES = YES;
				CLANG_ENABLE_OBJC_ARC = YES;
				CLANG_WARN_BOOL_CONVERSION = YES;
				CLANG_WARN_CONSTANT_CONVERSION = YES;
				CLANG_WARN_DIRECT_OBJC_ISA_USAGE = YES_ERROR;
				CLANG_WARN_EMPTY_BODY = YES;
				CLANG_WARN_ENUM_CONVERSION = YES;
				CLANG_WARN_INT_CONVERSION = YES;
				CLANG_WARN_OBJC_ROOT_CLASS = YES_ERROR;
				CLANG_WARN_UNREACHABLE_CODE = YES;
				CLANG_WARN__DUPLICATE_METHOD_MATCH = YES;
				"CODE_SIGN_IDENTITY[sdk=iphoneos*]" = "iPhone Developer";
				COPY_PHASE_STRIP = NO;
				DEBUG_INFORMATION_FORMAT = "dwarf-with-dsym";
				ENABLE_NS_ASSERTIONS = NO;
				ENABLE_STRICT_OBJC_MSGSEND = YES;
				GCC_C_LANGUAGE_STANDARD = gnu99;
				GCC_NO_COMMON_BLOCKS = YES;
				GCC_WARN_64_TO_32_BIT_CONVERSION = YES;
				GCC_WARN_ABOUT_RETURN_TYPE = YES_ERROR;
				GCC_WARN_UNDECLARED_SELECTOR = YES;
				GCC_WARN_UNINITIALIZED_AUTOS = YES_AGGRESSIVE;
				GCC_WARN_UNUSED_FUNCTION = YES;
				GCC_WARN_UNUSED_VARIABLE = YES;
				IPHONEOS_DEPLOYMENT_TARGET = 9.2;
				MTL_ENABLE_DEBUG_INFO = NO;
				SDKROOT = iphoneos;
				TARGETED_DEVICE_FAMILY = "1,2";
				VALIDATE_PRODUCT = YES;
			};
			name = Release;
		};
		2ADBBB431C958AAE007EB129 /* Debug */ = {
			isa = XCBuildConfiguration;
			buildSettings = {
				ASSETCATALOG_COMPILER_APPICON_NAME = AppIcon;
				INFOPLIST_FILE = KNFTestMail/Info.plist;
				LD_RUNPATH_SEARCH_PATHS = "$(inherited) @executable_path/Frameworks";
				PRODUCT_BUNDLE_IDENTIFIER = zhang.KNFTestMail;
				PRODUCT_NAME = "$(TARGET_NAME)";
			};
			name = Debug;
		};
		2ADBBB441C958AAE007EB129 /* Release */ = {
			isa = XCBuildConfiguration;
			buildSettings = {
				ASSETCATALOG_COMPILER_APPICON_NAME = AppIcon;
				INFOPLIST_FILE = KNFTestMail/Info.plist;
				LD_RUNPATH_SEARCH_PATHS = "$(inherited) @executable_path/Frameworks";
				PRODUCT_BUNDLE_IDENTIFIER = zhang.KNFTestMail;
				PRODUCT_NAME = "$(TARGET_NAME)";
			};
			name = Release;
		};
/* End XCBuildConfiguration section */

/* Begin XCConfigurationList section */
		2ADBBB261C958AAE007EB129 /* Build configuration list for PBXProject "KNFTestMail" */ = {
			isa = XCConfigurationList;
			buildConfigurations = (
				2ADBBB401C958AAE007EB129 /* Debug */,
				2ADBBB411C958AAE007EB129 /* Release */,
			);
			defaultConfigurationIsVisible = 0;
			defaultConfigurationName = Release;
		};
		2ADBBB421C958AAE007EB129 /* Build configuration list for PBXNativeTarget "KNFTestMail" */ = {
			isa = XCConfigurationList;
			buildConfigurations = (
				2ADBBB431C958AAE007EB129 /* Debug */,
				2ADBBB441C958AAE007EB129 /* Release */,
			);
			defaultConfigurationIsVisible = 0;
		};
/* End XCConfigurationList section */
	};
	rootObject = 2ADBBB231C958AAE007EB129 /* Project object */;
}
